
Microsoft Visual Studio Solution File, Format Version 12.00
# Visual Studio Version 17
VisualStudioVersion = 17.9.34902.65
MinimumVisualStudioVersion = 10.0.40219.1
Project("{FAE04EC0-301F-11D3-BF4B-00C04F79EFBC}") = "CircuitSim.Console", "CircuitSim.Console\CircuitSim.Console.csproj", "{BF9CB8FA-51F2-4C13-94DD-716E56CB5F2B}"
EndProject
Project("{FAE04EC0-301F-11D3-BF4B-00C04F79EFBC}") = "CircuitSim.Core", "CircuitSim.Core\CircuitSim.Core.csproj", "{CC765495-51EA-43F7-B2B6-21591C45531E}"
EndProject
Global
	GlobalSection(SolutionConfigurationPlatforms) = preSolution
		Debug|Any CPU = Debug|Any CPU
		Release|Any CPU = Release|Any CPU
	EndGlobalSection
	GlobalSection(ProjectConfigurationPlatforms) = postSolution
		{BF9CB8FA-51F2-4C13-94DD-716E56CB5F2B}.Debug|Any CPU.ActiveCfg = Debug|Any CPU
		{BF9CB8FA-51F2-4C13-94DD-716E56CB5F2B}.Debug|Any CPU.Build.0 = Debug|Any CPU
		{BF9CB8FA-51F2-4C13-94DD-716E56CB5F2B}.Release|Any CPU.ActiveCfg = Release|Any CPU
		{BF9CB8FA-51F2-4C13-94DD-716E56CB5F2B}.Release|Any CPU.Build.0 = Release|Any CPU
		{CC765495-51EA-43F7-B2B6-21591C45531E}.Debug|Any CPU.ActiveCfg = Debug|Any CPU
		{CC765495-51EA-43F7-B2B6-21591C45531E}.Debug|Any CPU.Build.0 = Debug|Any CPU
		{CC765495-51EA-43F7-B2B6-21591C45531E}.Release|Any CPU.ActiveCfg = Release|Any CPU
		{CC765495-51EA-43F7-B2B6-21591C45531E}.Release|Any CPU.Build.0 = Release|Any CPU
	EndGlobalSection
	GlobalSection(SolutionProperties) = preSolution
		HideSolutionNode = FALSE
	EndGlobalSection
	GlobalSection(ExtensibilityGlobals) = postSolution
		SolutionGuid = {2BCD41E7-3F70-4A91-8AC8-50B3BC8B6EF4}
	EndGlobalSection
EndGlobal
